
Microsoft Visual Studio Solution File, Format Version 12.00
# Visual Studio 15
VisualStudioVersion = 15.0.27703.2035
MinimumVisualStudioVersion = 10.0.40219.1
Project("{888888A0-9F3D-457C-B088-3A5042F75D52}") = "quantaxis", "quantaxis.pyproj", "{51087088-66BB-4919-8F52-810C39D5BD02}"
EndProject
Global
	GlobalSection(SolutionConfigurationPlatforms) = preSolution
		Debug|Any CPU = Debug|Any CPU
		Release|Any CPU = Release|Any CPU
	EndGlobalSection
	GlobalSection(ProjectConfigurationPlatforms) = postSolution
		{51087088-66BB-4919-8F52-810C39D5BD02}.Debug|Any CPU.ActiveCfg = Debug|Any CPU
		{51087088-66BB-4919-8F52-810C39D5BD02}.Release|Any CPU.ActiveCfg = Release|Any CPU
	EndGlobalSection
	GlobalSection(SolutionProperties) = preSolution
		HideSolutionNode = FALSE
	EndGlobalSection
	GlobalSection(ExtensibilityGlobals) = postSolution
		SolutionGuid = {746E4543-FF3C-4DC7-996B-7C4B7F13D88E}
	EndGlobalSection
EndGlobal
