{
  "name": "quantaxisClient",
  "version": "0.3.8",
  "lockfileVersion": 1,
  "dependencies": {
    "axios": {
      "version": "https://registry.npmjs.org/axios/-/axios-0.15.3.tgz",
      "integrity": "sha1-LJ1jiy4ZGgjqHWzJiOrda6W9wFM="
    },
    "capture-stack-trace": {
      "version": "https://registry.npmjs.org/capture-stack-trace/-/capture-stack-trace-1.0.0.tgz",
      "integrity": "sha1-Sm+gc5nCa7pH8LJJa00PtAjFVQ0="
    },
    "create-error-class": {
      "version": "https://registry.npmjs.org/create-error-class/-/create-error-class-3.0.2.tgz",
      "integrity": "sha1-Br56vvlHo/FKMP1hBnHUAbyot7Y="
    },
    "crossfilter2": {
      "version": "https://registry.npmjs.org/crossfilter2/-/crossfilter2-1.3.14.tgz",
      "integrity": "sha1-xFvY0zX2yRrMusJu2iAzd/GV9oA="
    },
    "d3": {
      "version": "https://registry.npmjs.org/d3/-/d3-3.5.17.tgz",
      "integrity": "sha1-vEZ0gAQ3iyGjYMn8fPUjF5B2L7g="
    },
    "dc": {
      "version": "https://registry.npmjs.org/dc/-/dc-2.1.4.tgz",
      "integrity": "sha1-DM6t9mwA1nD3fUJQLFRAx7NYlYY="
    },
    "debug": {
      "version": "https://registry.npmjs.org/debug/-/debug-2.6.3.tgz",
      "integrity": "sha1-D364wwll7AjHKsz6ATDIt5mEFB0="
    },
    "duplexer3": {
      "version": "https://registry.npmjs.org/duplexer3/-/duplexer3-0.1.4.tgz",
      "integrity": "sha1-7gHdHKwO08vH/b6jfcCo8c4ALOI="
    },
    "echarts": {
      "version": "https://registry.npmjs.org/echarts/-/echarts-3.5.1.tgz",
      "integrity": "sha1-lyY7h+1t2GYqzTfK7Z8hH2mzCa8="
    },
    "follow-redirects": {
      "version": "https://registry.npmjs.org/follow-redirects/-/follow-redirects-1.0.0.tgz",
      "integrity": "sha1-jjQpjL0uF28lTv/sdaHHjMhJ/Tc="
    },
    "get-stream": {
      "version": "https://registry.npmjs.org/get-stream/-/get-stream-3.0.0.tgz",
      "integrity": "sha1-jpQ9E1jcN1VQVOy+LtsFqhdO3hQ="
    },
    "got": {
      "version": "https://registry.npmjs.org/got/-/got-6.7.1.tgz",
      "integrity": "sha1-JAzQV4WpoY5WHcG0S0HHY+8ejbA="
    },
    "is-redirect": {
      "version": "https://registry.npmjs.org/is-redirect/-/is-redirect-1.0.0.tgz",
      "integrity": "sha1-HQPd7VO9jbDzDCbk+V02/HyH3CQ="
    },
    "is-retry-allowed": {
      "version": "https://registry.npmjs.org/is-retry-allowed/-/is-retry-allowed-1.1.0.tgz",
      "integrity": "sha1-EaBgVotnM5REAz0BJaYaINVk+zQ="
    },
    "is-stream": {
      "version": "https://registry.npmjs.org/is-stream/-/is-stream-1.1.0.tgz",
      "integrity": "sha1-EtSj3U5o4Lec6428hBc66A2RykQ="
    },
    "keycode": {
      "version": "https://registry.npmjs.org/keycode/-/keycode-2.1.8.tgz",
      "integrity": "sha1-lNK3CYIV7/Do+aiTHVpZB2xFMvs="
    },
    "lowercase-keys": {
      "version": "https://registry.npmjs.org/lowercase-keys/-/lowercase-keys-1.0.0.tgz",
      "integrity": "sha1-TjNms55/VFfjXxMkvfb4jQv8cwY="
    },
    "ms": {
      "version": "https://registry.npmjs.org/ms/-/ms-0.7.2.tgz",
      "integrity": "sha1-riXPJRKziFodldfwN4aNhDESR2U="
    },
    "muse-ui": {
      "version": "https://registry.npmjs.org/muse-ui/-/muse-ui-2.0.1.tgz",
      "integrity": "sha1-i3G19PgqQvzxHLF1ahUSizBYzfQ="
    },
    "prepend-http": {
      "version": "https://registry.npmjs.org/prepend-http/-/prepend-http-1.0.4.tgz",
      "integrity": "sha1-1PRWKwzjaW5BrFLQ4ALlemNdxtw="
    },
    "safe-buffer": {
      "version": "https://registry.npmjs.org/safe-buffer/-/safe-buffer-5.0.1.tgz",
      "integrity": "sha1-0mPKVGls2KMGtcplUekt5XkY++c="
    },
    "swiper": {
      "version": "https://registry.npmjs.org/swiper/-/swiper-3.4.2.tgz",
      "integrity": "sha1-Oda0ELGjmDPh9y07cpmd9fXjg5I="
    },
    "timed-out": {
      "version": "https://registry.npmjs.org/timed-out/-/timed-out-4.0.1.tgz",
      "integrity": "sha1-8y6srFoXW+ol1/q1Zas+2HQe9W8="
    },
    "unzip-response": {
      "version": "https://registry.npmjs.org/unzip-response/-/unzip-response-2.0.1.tgz",
      "integrity": "sha1-0vD3N9FrBhXnKmk17QQhRXLVb5c="
    },
    "url-parse-lax": {
      "version": "https://registry.npmjs.org/url-parse-lax/-/url-parse-lax-1.0.0.tgz",
      "integrity": "sha1-evjzA2Rem9eaJy56FKxovAYJ2nM="
    },
    "vue": {
      "version": "https://registry.npmjs.org/vue/-/vue-2.2.6.tgz",
      "integrity": "sha1-RRcUs5TdbU6ue3c8QMIDSlliGu0="
    },
    "vue-awesome-swiper": {
      "version": "https://registry.npmjs.org/vue-awesome-swiper/-/vue-awesome-swiper-2.4.0.tgz",
      "integrity": "sha1-epJAZupIYywpf201dl4XfYtOeQY="
    },
    "vue-electron": {
      "version": "https://registry.npmjs.org/vue-electron/-/vue-electron-1.0.6.tgz",
      "integrity": "sha1-55jgMYC4kzU53v4x+S5TuSQrlAY="
    },
    "vue-resource": {
      "version": "https://registry.npmjs.org/vue-resource/-/vue-resource-1.2.1.tgz",
      "integrity": "sha1-s/Id0OHkka34pb4f5I5YbO/qqNU="
    },
    "vue-router": {
      "version": "https://registry.npmjs.org/vue-router/-/vue-router-2.3.1.tgz",
      "integrity": "sha1-MTVEjPV9TKV2kGBhpanSX64CFNc="
    },
    "vuex": {
      "version": "https://registry.npmjs.org/vuex/-/vuex-2.2.1.tgz",
      "integrity": "sha1-pC0M4Yyw4DWSWPhL/XaDXtRowYU="
    },
    "zrender": {
      "version": "https://registry.npmjs.org/zrender/-/zrender-3.4.1.tgz",
      "integrity": "sha1-/uHWvAkq3xViWrTRYYKwQJb4zcI="
    }
  }
}
